
Microsoft Visual Studio Solution File, Format Version 12.00
# Visual Studio Version 17
VisualStudioVersion = 17.8.34330.188
MinimumVisualStudioVersion = 10.0.40219.1
Project("{FAE04EC0-301F-11D3-BF4B-00C04F79EFBC}") = "Phase1Selection3.12", "Phase1Selection3.12\Phase1Selection3.12.csproj", "{48A426A5-1EC5-4439-8C64-427A21B3B654}"
EndProject
Global
	GlobalSection(SolutionConfigurationPlatforms) = preSolution
		Debug|Any CPU = Debug|Any CPU
		Release|Any CPU = Release|Any CPU
	EndGlobalSection
	GlobalSection(ProjectConfigurationPlatforms) = postSolution
		{48A426A5-1EC5-4439-8C64-427A21B3B654}.Debug|Any CPU.ActiveCfg = Debug|Any CPU
		{48A426A5-1EC5-4439-8C64-427A21B3B654}.Debug|Any CPU.Build.0 = Debug|Any CPU
		{48A426A5-1EC5-4439-8C64-427A21B3B654}.Release|Any CPU.ActiveCfg = Release|Any CPU
		{48A426A5-1EC5-4439-8C64-427A21B3B654}.Release|Any CPU.Build.0 = Release|Any CPU
	EndGlobalSection
	GlobalSection(SolutionProperties) = preSolution
		HideSolutionNode = FALSE
	EndGlobalSection
	GlobalSection(ExtensibilityGlobals) = postSolution
		SolutionGuid = {1012D77D-41D7-4005-B10B-C4ECCC0B4707}
	EndGlobalSection
EndGlobal
